
Microsoft Visual Studio Solution File, Format Version 12.00
# Visual Studio Version 16
VisualStudioVersion = 16.0.29409.12
MinimumVisualStudioVersion = 10.0.40219.1
Project("{9A19103F-16F7-4668-BE54-9A1E7A4F7556}") = "SGQ.ControleDeProcessosAutomotivos", "SGQ.ControleDeProcessosAutomotivos.csproj", "{6986AFEC-4F0F-4F15-91BC-20386480A6F3}"
EndProject
Project("{9A19103F-16F7-4668-BE54-9A1E7A4F7556}") = "SGQ.Auth", "..\SGQ.Auth\SGQ.Auth.csproj", "{5E1BE6E6-DD2C-43F5-9A6D-CEADC18F0926}"
EndProject
Global
	GlobalSection(SolutionConfigurationPlatforms) = preSolution
		Debug|Any CPU = Debug|Any CPU
		Release|Any CPU = Release|Any CPU
	EndGlobalSection
	GlobalSection(ProjectConfigurationPlatforms) = postSolution
		{6986AFEC-4F0F-4F15-91BC-20386480A6F3}.Debug|Any CPU.ActiveCfg = Debug|Any CPU
		{6986AFEC-4F0F-4F15-91BC-20386480A6F3}.Debug|Any CPU.Build.0 = Debug|Any CPU
		{6986AFEC-4F0F-4F15-91BC-20386480A6F3}.Release|Any CPU.ActiveCfg = Release|Any CPU
		{6986AFEC-4F0F-4F15-91BC-20386480A6F3}.Release|Any CPU.Build.0 = Release|Any CPU
		{5E1BE6E6-DD2C-43F5-9A6D-CEADC18F0926}.Debug|Any CPU.ActiveCfg = Debug|Any CPU
		{5E1BE6E6-DD2C-43F5-9A6D-CEADC18F0926}.Debug|Any CPU.Build.0 = Debug|Any CPU
		{5E1BE6E6-DD2C-43F5-9A6D-CEADC18F0926}.Release|Any CPU.ActiveCfg = Release|Any CPU
		{5E1BE6E6-DD2C-43F5-9A6D-CEADC18F0926}.Release|Any CPU.Build.0 = Release|Any CPU
	EndGlobalSection
	GlobalSection(SolutionProperties) = preSolution
		HideSolutionNode = FALSE
	EndGlobalSection
	GlobalSection(ExtensibilityGlobals) = postSolution
		SolutionGuid = {BAEA3FA7-D2EC-4FAD-A187-8AFED66EE1AD}
	EndGlobalSection
EndGlobal
