
Microsoft Visual Studio Solution File, Format Version 12.00
# Visual Studio Version 16
VisualStudioVersion = 16.0.29409.12
MinimumVisualStudioVersion = 10.0.40219.1
Project("{9A19103F-16F7-4668-BE54-9A1E7A4F7556}") = "Mock.GestaoDeNormas", "Mock.GestaoDeNormas.csproj", "{DD679C7A-2FC0-4C6E-927E-D77C658B1FD4}"
EndProject
Global
	GlobalSection(SolutionConfigurationPlatforms) = preSolution
		Debug|Any CPU = Debug|Any CPU
		Release|Any CPU = Release|Any CPU
	EndGlobalSection
	GlobalSection(ProjectConfigurationPlatforms) = postSolution
		{DD679C7A-2FC0-4C6E-927E-D77C658B1FD4}.Debug|Any CPU.ActiveCfg = Debug|Any CPU
		{DD679C7A-2FC0-4C6E-927E-D77C658B1FD4}.Debug|Any CPU.Build.0 = Debug|Any CPU
		{DD679C7A-2FC0-4C6E-927E-D77C658B1FD4}.Release|Any CPU.ActiveCfg = Release|Any CPU
		{DD679C7A-2FC0-4C6E-927E-D77C658B1FD4}.Release|Any CPU.Build.0 = Release|Any CPU
	EndGlobalSection
	GlobalSection(SolutionProperties) = preSolution
		HideSolutionNode = FALSE
	EndGlobalSection
	GlobalSection(ExtensibilityGlobals) = postSolution
		SolutionGuid = {77FC8EE6-377C-4195-BE01-B8A27BDF76FD}
	EndGlobalSection
EndGlobal
