
Microsoft Visual Studio Solution File, Format Version 12.00
# Visual Studio Version 16
VisualStudioVersion = 16.0.29409.12
MinimumVisualStudioVersion = 10.0.40219.1
Project("{FAE04EC0-301F-11D3-BF4B-00C04F79EFBC}") = "SGQ.APIGateway", "SGQ.APIGateway.csproj", "{A6B889F8-E3F3-4C77-AB3F-48892204C947}"
EndProject
Global
	GlobalSection(SolutionConfigurationPlatforms) = preSolution
		Debug|Any CPU = Debug|Any CPU
		Release|Any CPU = Release|Any CPU
	EndGlobalSection
	GlobalSection(ProjectConfigurationPlatforms) = postSolution
		{A6B889F8-E3F3-4C77-AB3F-48892204C947}.Debug|Any CPU.ActiveCfg = Debug|Any CPU
		{A6B889F8-E3F3-4C77-AB3F-48892204C947}.Debug|Any CPU.Build.0 = Debug|Any CPU
		{A6B889F8-E3F3-4C77-AB3F-48892204C947}.Release|Any CPU.ActiveCfg = Release|Any CPU
		{A6B889F8-E3F3-4C77-AB3F-48892204C947}.Release|Any CPU.Build.0 = Release|Any CPU
	EndGlobalSection
	GlobalSection(SolutionProperties) = preSolution
		HideSolutionNode = FALSE
	EndGlobalSection
	GlobalSection(ExtensibilityGlobals) = postSolution
		SolutionGuid = {DE2859BE-228C-4EE0-B85D-E6A74E023285}
	EndGlobalSection
EndGlobal
